
Microsoft Visual Studio Solution File, Format Version 12.00
# Visual Studio 15
VisualStudioVersion = 15.0.27703.2035
MinimumVisualStudioVersion = 10.0.40219.1
Project("{FAE04EC0-301F-11D3-BF4B-00C04F79EFBC}") = "ConsoleApp5", "ConsoleApp5\ConsoleApp5.csproj", "{C950ECFF-E6EC-4CB0-8F64-C8F7083EF61A}"
EndProject
Global
	GlobalSection(SolutionConfigurationPlatforms) = preSolution
		Debug|Any CPU = Debug|Any CPU
		Release|Any CPU = Release|Any CPU
	EndGlobalSection
	GlobalSection(ProjectConfigurationPlatforms) = postSolution
		{C950ECFF-E6EC-4CB0-8F64-C8F7083EF61A}.Debug|Any CPU.ActiveCfg = Debug|Any CPU
		{C950ECFF-E6EC-4CB0-8F64-C8F7083EF61A}.Debug|Any CPU.Build.0 = Debug|Any CPU
		{C950ECFF-E6EC-4CB0-8F64-C8F7083EF61A}.Release|Any CPU.ActiveCfg = Release|Any CPU
		{C950ECFF-E6EC-4CB0-8F64-C8F7083EF61A}.Release|Any CPU.Build.0 = Release|Any CPU
	EndGlobalSection
	GlobalSection(SolutionProperties) = preSolution
		HideSolutionNode = FALSE
	EndGlobalSection
	GlobalSection(ExtensibilityGlobals) = postSolution
		SolutionGuid = {6FA8DDF4-E6B4-4FE3-839E-B101A9568D02}
	EndGlobalSection
EndGlobal
